PODS:
  - Masonry (1.1.0)
  - QGGScrollSegmentControl (0.1.1):
    - Masonry

DEPENDENCIES:
  - QGGScrollSegmentControl (from `../`)

EXTERNAL SOURCES:
  QGGScrollSegmentControl:
    :path: ../

SPEC CHECKSUMS:
  Masonry: 678fab65091a9290e40e2832a55e7ab731aad201
  QGGScrollSegmentControl: 21962d77d50e13e73f1ebda850e8b39d62956950

PODFILE CHECKSUM: 61f2c1d32f3219d51f5ac62de120c1e3352ec7d7

COCOAPODS: 1.4.0
